--- 
dependencies: 
  ruby-debug: 
    group: 
    - :development
    version: ">= 0"
  rails: 
    group: 
    - :default
    version: = 2.3.8
    require: []

  authlogic: 
    group: 
    - :default
    version: = 2.1.3
  mysql: 
    group: 
    - :default
    version: ">= 0"
  roodi: 
    group: 
    - :metrics
    version: = 2.1.0
  churn: 
    group: 
    - :metrics
    version: ">= 0"
  Saikuro: 
    group: 
    - :metrics
    version: ">= 0"
  declarative_authorization: 
    group: 
    - :default
    version: = 0.4
  rack: 
    group: 
    - :default
    version: = 1.1.0
  formtastic: 
    group: 
    - :default
    version: = 0.9.7
    require: []

  relevance-rcov: 
    group: 
    - :metrics
    version: = 0.9.0
    require: 
    - rcov
  paperclip: 
    group: 
    - :default
    version: = 2.3.1.1
  bundler: 
    group: 
    - :metrics
    version: = 0.9.24
  reek: 
    group: 
    - :metrics
    version: = 1.2.7.1
  metric_fu: 
    group: 
    - :metrics
    version: ">= 0"
  flog: 
    group: 
    - :metrics
    version: = 2.2.0
  ruby-debug-base: 
    group: 
    - :development
    version: ">= 0"
  flay: 
    group: 
    - :metrics
    version: = 1.4.0
specs: 
- rake: 
    version: 0.8.7
- Saikuro: 
    version: 1.1.0
- activesupport: 
    version: 2.3.8
- rack: 
    version: 1.1.0
- actionpack: 
    version: 2.3.8
- actionmailer: 
    version: 2.3.8
- activerecord: 
    version: 2.3.8
- activeresource: 
    version: 2.3.8
- arrayfields: 
    version: 4.7.4
- authlogic: 
    version: 2.1.3
- bundler: 
    version: 0.9.24
- json_pure: 
    version: 1.4.3
- rubyforge: 
    version: 2.0.4
- hoe: 
    version: 2.6.1
- chronic: 
    version: 0.2.3
- hirb: 
    version: 0.3.2
- fattr: 
    version: 2.1.0
- main: 
    version: 4.2.0
- sexp_processor: 
    version: 3.0.4
- ruby_parser: 
    version: 2.0.4
- churn: 
    version: 0.0.12
- columnize: 
    version: 0.3.1
- rails: 
    version: 2.3.8
- declarative_authorization: 
    version: "0.4"
- flay: 
    version: 1.4.0
- flog: 
    version: 2.2.0
- formtastic: 
    version: 0.9.7
- linecache: 
    version: "0.43"
- ruby2ruby: 
    version: 1.2.4
- rails_best_practices: 
    version: 0.3.21
- rcov: 
    version: 0.9.8
- reek: 
    version: 1.2.7.1
- roodi: 
    version: 2.1.0
- metric_fu: 
    version: 1.4.0
- mysql: 
    version: 2.8.1
- paperclip: 
    version: 2.3.1.1
- relevance-rcov: 
    version: 0.9.0
- ruby-debug-base: 
    version: 0.10.3
- ruby-debug: 
    version: 0.10.3
hash: 2ff4d7d22033b2332470d58ef7a01c155e3ab3ec
sources: 
- Rubygems: 
    uri: http://gemcutter.org
- Rubygems: 
    uri: http://gems.github.com
